{
   "name": "react-native-form-builder2",
   "version": "1.1.0",
   "lockfileVersion": 1,
   "requires": true,
   "dependencies": {
      "fs-extra": {
         "version": "8.1.0",
         "resolved": "https://registry.npmjs.org/fs-extra/-/fs-extra-8.1.0.tgz",
         "integrity": "sha512-yhlQgA6mnOJUKOsRUFsgJdQCvkKhcz8tlZG5HBQfReYZy46OwLcY+Zia0mtdHsOo9y/hP+CxMN0TU9QxoOtG4g==",
         "requires": {
            "graceful-fs": "^4.2.0",
            "jsonfile": "^4.0.0",
            "universalify": "^0.1.0"
         }
      },
      "graceful-fs": {
         "version": "4.2.3",
         "resolved": "https://registry.npmjs.org/graceful-fs/-/graceful-fs-4.2.3.tgz",
         "integrity": "sha512-a30VEBm4PEdx1dRB7MFK7BejejvCvBronbLjht+sHuGYj8PHs7M/5Z+rt5lw551vZ7yfTCj4Vuyy3mSJytDWRQ=="
      },
      "i18n-js": {
         "version": "3.0.11",
         "resolved": "https://registry.npmjs.org/i18n-js/-/i18n-js-3.0.11.tgz",
         "integrity": "sha512-v7dG3kYJTQTyox3NqDabPDE/ZotWntyMI9kh4cYi+XlCSnsIR+KBTS2opPyObL8WndnklcLzbNU92FP/mLge3Q=="
      },
      "js-tokens": {
         "version": "4.0.0",
         "resolved": "https://registry.npmjs.org/js-tokens/-/js-tokens-4.0.0.tgz",
         "integrity": "sha512-RdJUflcE3cUzKiMqQgsCu06FPu9UdIJO0beYbPhHN4k6apgJtifcoCtT9bcxOpYBtpD2kCM6Sbzg4CausW/PKQ=="
      },
      "jsonfile": {
         "version": "4.0.0",
         "resolved": "https://registry.npmjs.org/jsonfile/-/jsonfile-4.0.0.tgz",
         "integrity": "sha1-h3Gq4HmbZAdrdmQPygWPnBDjPss=",
         "requires": {
            "graceful-fs": "^4.1.6"
         }
      },
      "kleur": {
         "version": "3.0.3",
         "resolved": "https://registry.npmjs.org/kleur/-/kleur-3.0.3.tgz",
         "integrity": "sha512-eTIzlVOSUR+JxdDFepEYcBMtZ9Qqdef+rnzWdRZuMbOywu5tO2w2N7rqjoANZ5k9vywhL6Br1VRjUIgTQx4E8w=="
      },
      "lodash": {
         "version": "4.17.15",
         "resolved": "https://registry.npmjs.org/lodash/-/lodash-4.17.15.tgz",
         "integrity": "sha512-8xOcRHvCjnocdS5cpwXQXVzmmh5e5+saE2QGoeQmbKmRS6J3VQppPOIt0MnmE+4xlZoumy0GPG0D0MVIQbNA1A=="
      },
      "loose-envify": {
         "version": "1.4.0",
         "resolved": "https://registry.npmjs.org/loose-envify/-/loose-envify-1.4.0.tgz",
         "integrity": "sha512-lyuxPGr/Wfhrlem2CL/UcnUc1zcqKAImBDzukY7Y5F/yQiNdko6+fRLevlw1HgMySw7f611UIY408EtxRSoK3Q==",
         "requires": {
            "js-tokens": "^3.0.0 || ^4.0.0"
         }
      },
      "object-assign": {
         "version": "4.1.1",
         "resolved": "https://registry.npmjs.org/object-assign/-/object-assign-4.1.1.tgz",
         "integrity": "sha1-IQmtx5ZYh8/AXLvUQsrIv7s2CGM="
      },
      "print-message": {
         "version": "3.0.1",
         "resolved": "https://registry.npmjs.org/print-message/-/print-message-3.0.1.tgz",
         "integrity": "sha512-wsvsI08pLCPL+lHURVmlZ2KjXN/rLKNyeKN/r3FkXAX6ZByE8Fv8ZmvkQFqpdPdyfCPty3PzznrDda+E8DvN8Q==",
         "requires": {
            "kleur": "3.0.3"
         }
      },
      "prop-types": {
         "version": "15.7.2",
         "resolved": "https://registry.npmjs.org/prop-types/-/prop-types-15.7.2.tgz",
         "integrity": "sha512-8QQikdH7//R2vurIJSutZ1smHYTcLpRWEOlHnzcWHmBYrOGUysKwSsrC89BCiFj3CbrfJ/nXFdJepOVrY1GCHQ==",
         "requires": {
            "loose-envify": "^1.4.0",
            "object-assign": "^4.1.1",
            "react-is": "^16.8.1"
         }
      },
      "react-is": {
         "version": "16.12.0",
         "resolved": "https://registry.npmjs.org/react-is/-/react-is-16.12.0.tgz",
         "integrity": "sha512-rPCkf/mWBtKc97aLL9/txD8DZdemK0vkA3JMLShjlJB3Pj3s+lpf1KaBzMfQrAmhMQB0n1cU/SUGgKKBCe837Q=="
      },
      "react-native-i18n": {
         "version": "2.0.15",
         "resolved": "https://registry.npmjs.org/react-native-i18n/-/react-native-i18n-2.0.15.tgz",
         "integrity": "sha512-V8VwUP0TLda3oJvgt5tdnFaOV7WXPhTjCTLO7sXI3C2SHggSbD4bCUryMzNJhesimJidH21V2Owvj4zAylHoQQ==",
         "requires": {
            "i18n-js": "3.0.11"
         }
      },
      "react-native-iphone-x-helper": {
         "version": "1.2.1",
         "resolved": "https://registry.npmjs.org/react-native-iphone-x-helper/-/react-native-iphone-x-helper-1.2.1.tgz",
         "integrity": "sha512-/VbpIEp8tSNNHIvstuA3Swx610whci1Zpc9mqNkqn14DkMbw+ORviln2u0XyHG1kPvvwTNGZY6QpeFwxYaSdbQ=="
      },
      "react-native-keyboard-aware-scroll-view": {
         "version": "0.9.1",
         "resolved": "https://registry.npmjs.org/react-native-keyboard-aware-scroll-view/-/react-native-keyboard-aware-scroll-view-0.9.1.tgz",
         "integrity": "sha512-tBZ8rmjELN0F6t5UBp5CW3NYmZXgVnJSzVCssv/OqG2t6kiB+OUTqxNvUP24K+HARX4H+XaW0aEJSFQkQCv6KA==",
         "requires": {
            "prop-types": "^15.6.2",
            "react-native-iphone-x-helper": "^1.0.3"
         }
      },
      "universalify": {
         "version": "0.1.2",
         "resolved": "https://registry.npmjs.org/universalify/-/universalify-0.1.2.tgz",
         "integrity": "sha512-rBJeI5CXAlmy1pV+617WB9J63U6XcazHHF2f2dbJix4XzpUF0RS3Zbj0FGIOCAva5P/d/GBOYaACQ1w+0azUkg=="
      }
   }
}
